
Microsoft Visual Studio Solution File, Format Version 12.00
# Visual Studio Version 16
VisualStudioVersion = 16.0.30406.217
MinimumVisualStudioVersion = 10.0.40219.1
Project("{8BC9CEB8-8B4A-11D0-8D11-00A0C91BC942}") = "candc++diff", "candc++diff\candc++diff.vcxproj", "{A9FC72BC-E8F3-4A70-93FD-267C53CA13B1}"
EndProject
Global
	GlobalSection(SolutionConfigurationPlatforms) = preSolution
		Debug|x64 = Debug|x64
		Debug|x86 = Debug|x86
		Release|x64 = Release|x64
		Release|x86 = Release|x86
	EndGlobalSection
	GlobalSection(ProjectConfigurationPlatforms) = postSolution
		{A9FC72BC-E8F3-4A70-93FD-267C53CA13B1}.Debug|x64.ActiveCfg = Debug|x64
		{A9FC72BC-E8F3-4A70-93FD-267C53CA13B1}.Debug|x64.Build.0 = Debug|x64
		{A9FC72BC-E8F3-4A70-93FD-267C53CA13B1}.Debug|x86.ActiveCfg = Debug|Win32
		{A9FC72BC-E8F3-4A70-93FD-267C53CA13B1}.Debug|x86.Build.0 = Debug|Win32
		{A9FC72BC-E8F3-4A70-93FD-267C53CA13B1}.Release|x64.ActiveCfg = Release|x64
		{A9FC72BC-E8F3-4A70-93FD-267C53CA13B1}.Release|x64.Build.0 = Release|x64
		{A9FC72BC-E8F3-4A70-93FD-267C53CA13B1}.Release|x86.ActiveCfg = Release|Win32
		{A9FC72BC-E8F3-4A70-93FD-267C53CA13B1}.Release|x86.Build.0 = Release|Win32
	EndGlobalSection
	GlobalSection(SolutionProperties) = preSolution
		HideSolutionNode = FALSE
	EndGlobalSection
	GlobalSection(ExtensibilityGlobals) = postSolution
		SolutionGuid = {7ABCA4C6-D163-472D-BC7B-9039F1A1CBD3}
	EndGlobalSection
EndGlobal
