
Microsoft Visual Studio Solution File, Format Version 12.00
# Visual Studio Version 16
VisualStudioVersion = 16.0.30406.217
MinimumVisualStudioVersion = 10.0.40219.1
Project("{8BC9CEB8-8B4A-11D0-8D11-00A0C91BC942}") = "RunLib", "RunLib\RunLib.vcxproj", "{5D2FB76A-3518-40DE-8DE8-88ED55C80727}"
EndProject
Global
	GlobalSection(SolutionConfigurationPlatforms) = preSolution
		Debug|x64 = Debug|x64
		Debug|x86 = Debug|x86
		Release|x64 = Release|x64
		Release|x86 = Release|x86
	EndGlobalSection
	GlobalSection(ProjectConfigurationPlatforms) = postSolution
		{5D2FB76A-3518-40DE-8DE8-88ED55C80727}.Debug|x64.ActiveCfg = Debug|x64
		{5D2FB76A-3518-40DE-8DE8-88ED55C80727}.Debug|x64.Build.0 = Debug|x64
		{5D2FB76A-3518-40DE-8DE8-88ED55C80727}.Debug|x86.ActiveCfg = Debug|Win32
		{5D2FB76A-3518-40DE-8DE8-88ED55C80727}.Debug|x86.Build.0 = Debug|Win32
		{5D2FB76A-3518-40DE-8DE8-88ED55C80727}.Release|x64.ActiveCfg = Release|x64
		{5D2FB76A-3518-40DE-8DE8-88ED55C80727}.Release|x64.Build.0 = Release|x64
		{5D2FB76A-3518-40DE-8DE8-88ED55C80727}.Release|x86.ActiveCfg = Release|Win32
		{5D2FB76A-3518-40DE-8DE8-88ED55C80727}.Release|x86.Build.0 = Release|Win32
	EndGlobalSection
	GlobalSection(SolutionProperties) = preSolution
		HideSolutionNode = FALSE
	EndGlobalSection
	GlobalSection(ExtensibilityGlobals) = postSolution
		SolutionGuid = {9BF939E9-D361-4DCC-BCD2-9D35BFE0FFA6}
	EndGlobalSection
EndGlobal
